
Microsoft Visual Studio Solution File, Format Version 12.00
# Visual Studio Version 16
VisualStudioVersion = 16.0.31911.196
MinimumVisualStudioVersion = 10.0.40219.1
Project("{FAE04EC0-301F-11D3-BF4B-00C04F79EFBC}") = "20206156_Bai2_Muc2_b", "20206156_Bai2_Muc2_b.csproj", "{F5ECAF93-F547-49C8-9652-B1194A579CD9}"
EndProject
Global
	GlobalSection(SolutionConfigurationPlatforms) = preSolution
		Debug|Any CPU = Debug|Any CPU
		Release|Any CPU = Release|Any CPU
	EndGlobalSection
	GlobalSection(ProjectConfigurationPlatforms) = postSolution
		{F5ECAF93-F547-49C8-9652-B1194A579CD9}.Debug|Any CPU.ActiveCfg = Debug|Any CPU
		{F5ECAF93-F547-49C8-9652-B1194A579CD9}.Debug|Any CPU.Build.0 = Debug|Any CPU
		{F5ECAF93-F547-49C8-9652-B1194A579CD9}.Release|Any CPU.ActiveCfg = Release|Any CPU
		{F5ECAF93-F547-49C8-9652-B1194A579CD9}.Release|Any CPU.Build.0 = Release|Any CPU
	EndGlobalSection
	GlobalSection(SolutionProperties) = preSolution
		HideSolutionNode = FALSE
	EndGlobalSection
	GlobalSection(ExtensibilityGlobals) = postSolution
		SolutionGuid = {0B3E3B4F-4276-4815-8C51-B6E7241E8E85}
	EndGlobalSection
EndGlobal
